
Microsoft Visual Studio Solution File, Format Version 12.00
# Visual Studio Version 16
VisualStudioVersion = 16.0.31105.61
MinimumVisualStudioVersion = 10.0.40219.1
Project("{FAE04EC0-301F-11D3-BF4B-00C04F79EFBC}") = "Variables", "Variables.csproj", "{7C8B1454-AAC8-4310-B797-27D48CE44BE4}"
EndProject
Global
	GlobalSection(SolutionConfigurationPlatforms) = preSolution
		Debug|Any CPU = Debug|Any CPU
		Release|Any CPU = Release|Any CPU
	EndGlobalSection
	GlobalSection(ProjectConfigurationPlatforms) = postSolution
		{7C8B1454-AAC8-4310-B797-27D48CE44BE4}.Debug|Any CPU.ActiveCfg = Debug|Any CPU
		{7C8B1454-AAC8-4310-B797-27D48CE44BE4}.Debug|Any CPU.Build.0 = Debug|Any CPU
		{7C8B1454-AAC8-4310-B797-27D48CE44BE4}.Release|Any CPU.ActiveCfg = Release|Any CPU
		{7C8B1454-AAC8-4310-B797-27D48CE44BE4}.Release|Any CPU.Build.0 = Release|Any CPU
	EndGlobalSection
	GlobalSection(SolutionProperties) = preSolution
		HideSolutionNode = FALSE
	EndGlobalSection
	GlobalSection(ExtensibilityGlobals) = postSolution
		SolutionGuid = {7F8D60BC-4071-4D89-9657-EDB5960C4132}
	EndGlobalSection
EndGlobal
